
Microsoft Visual Studio Solution File, Format Version 12.00
# Visual Studio Version 17
VisualStudioVersion = 17.7.34018.315
MinimumVisualStudioVersion = 10.0.40219.1
Project("{2150E333-8FDC-42A3-9474-1A3956D46DE8}") = "src", "src", "{930F9B02-80D8-4A56-BA95-18E121C36743}"
	ProjectSection(SolutionItems) = preProject
		src\docker-compose.override.yml = src\docker-compose.override.yml
		src\docker-compose.yml = src\docker-compose.yml
	EndProjectSection
EndProject
Project("{2150E333-8FDC-42A3-9474-1A3956D46DE8}") = "ApiGateways", "ApiGateways", "{706D75D7-600B-4C99-8E99-BB332B594200}"
EndProject
Project("{2150E333-8FDC-42A3-9474-1A3956D46DE8}") = "BuildingBlocks", "BuildingBlocks", "{8664285A-BC20-4EC9-BA92-99B754A6DA0E}"
EndProject
Project("{2150E333-8FDC-42A3-9474-1A3956D46DE8}") = "Services", "Services", "{A48F214B-6806-4B01-807B-E245D4A2C55B}"
EndProject
Project("{2150E333-8FDC-42A3-9474-1A3956D46DE8}") = "WebApps", "WebApps", "{EC66AE3F-36E6-48EC-8878-354A8708907E}"
EndProject
Project("{2150E333-8FDC-42A3-9474-1A3956D46DE8}") = "tests", "tests", "{76F27E4E-8E63-4C76-9218-C6F8A87FEA69}"
EndProject
Project("{2150E333-8FDC-42A3-9474-1A3956D46DE8}") = "Solution Items", "Solution Items", "{7F131D89-A135-4D91-B5FC-844BBD08DC4A}"
	ProjectSection(SolutionItems) = preProject
		..\..\Projects\tedu-aspnetcore-microservices-training\src\docker-compose.override.yml = ..\..\Projects\tedu-aspnetcore-microservices-training\src\docker-compose.override.yml
		..\..\Projects\tedu-aspnetcore-microservices-training\src\docker-compose.yml = ..\..\Projects\tedu-aspnetcore-microservices-training\src\docker-compose.yml
		global.json = global.json
		Readme.md = Readme.md
	EndProjectSection
EndProject
Project("{2150E333-8FDC-42A3-9474-1A3956D46DE8}") = "Basket", "Basket", "{3AB4BB57-6D6F-417C-9413-39DD57A0C5D6}"
EndProject
Project("{2150E333-8FDC-42A3-9474-1A3956D46DE8}") = "Customer", "Customer", "{A06EF904-5F24-4811-86FA-9BD7F768CF6E}"
EndProject
Project("{2150E333-8FDC-42A3-9474-1A3956D46DE8}") = "Inventory", "Inventory", "{55F33A73-9F97-4D31-B65B-50D33852FAC8}"
EndProject
Project("{2150E333-8FDC-42A3-9474-1A3956D46DE8}") = "Ordering", "Ordering", "{9D61BB8B-D749-4E73-9DCD-BDC58B566D35}"
EndProject
Project("{2150E333-8FDC-42A3-9474-1A3956D46DE8}") = "Product", "Product", "{49A15867-C9DB-49CC-9092-E27B30E226A6}"
EndProject
Project("{2150E333-8FDC-42A3-9474-1A3956D46DE8}") = "ScheduledJob", "ScheduledJob", "{140B6E48-917B-4FDA-8B60-25CED3907FC0}"
EndProject
Project("{9A19103F-16F7-4668-BE54-9A1E7A4F7556}") = "Common.Logging", "src\BuildingBlocks\Common.Logging\Common.Logging.csproj", "{0CC115A1-33D0-4DFA-8015-69B8E392E4AB}"
EndProject
Project("{9A19103F-16F7-4668-BE54-9A1E7A4F7556}") = "Contracts", "src\BuildingBlocks\Contracts\Contracts.csproj", "{EE368AF0-08D2-480E-B67E-91D3AC928798}"
EndProject
Project("{9A19103F-16F7-4668-BE54-9A1E7A4F7556}") = "EventBus.Messages", "src\BuildingBlocks\EventBus.Messages\EventBus.Messages.csproj", "{9217F789-BB0B-4662-9807-6C78A38D4EF9}"
EndProject
Project("{9A19103F-16F7-4668-BE54-9A1E7A4F7556}") = "Infrastructure", "src\BuildingBlocks\Infrastructure\Infrastructure.csproj", "{4974EBCF-725D-4837-8B77-83828E269C28}"
EndProject
Project("{9A19103F-16F7-4668-BE54-9A1E7A4F7556}") = "Shared", "src\BuildingBlocks\Shared\Shared.csproj", "{0AC3CD9A-6996-4FE1-B1BF-A59EC0A8DE11}"
EndProject
Project("{9A19103F-16F7-4668-BE54-9A1E7A4F7556}") = "WebHealthStatus", "src\WebApps\WebHealthStatus\WebHealthStatus.csproj", "{A72AC095-87C6-4F11-9A7E-08B72541201A}"
EndProject
Project("{9A19103F-16F7-4668-BE54-9A1E7A4F7556}") = "WebPortal", "src\WebApps\WebPortal\WebPortal.csproj", "{1ADBE72C-3698-4E75-8764-7D614A755E1D}"
EndProject
Project("{9A19103F-16F7-4668-BE54-9A1E7A4F7556}") = "Basket.API", "src\Services\Basket\Basket.API\Basket.API.csproj", "{E1A2690A-A732-4796-8B03-9BBF1BD771F9}"
EndProject
Project("{9A19103F-16F7-4668-BE54-9A1E7A4F7556}") = "Customer.API", "src\Services\Customer\Customer.API\Customer.API.csproj", "{E025F58C-3BF9-462D-BDC3-32A99C7A7FB0}"
EndProject
Project("{9A19103F-16F7-4668-BE54-9A1E7A4F7556}") = "Ordering.API", "src\Services\Ordering\Ordering.API\Ordering.API.csproj", "{4D12F5E3-E8F8-4EA6-AD94-D3285649ACED}"
EndProject
Project("{9A19103F-16F7-4668-BE54-9A1E7A4F7556}") = "Product.API", "src\Services\Product\Product.API\Product.API.csproj", "{D5DF13B3-D035-426B-AB11-743B776C6204}"
EndProject
Project("{9A19103F-16F7-4668-BE54-9A1E7A4F7556}") = "Inventory.Product.API", "src\Services\Inventory\Inventory.Product.API\Inventory.Product.API.csproj", "{3D81CC50-5F36-4DAF-BBC7-574D201D85CA}"
EndProject
Project("{9A19103F-16F7-4668-BE54-9A1E7A4F7556}") = "OcelotApiGw", "src\ApiGateways\OcelotApiGw\OcelotApiGw.csproj", "{DC5C741A-4522-48B5-961C-417506A8BFB4}"
EndProject
Project("{9A19103F-16F7-4668-BE54-9A1E7A4F7556}") = "Hangfire.API", "src\Services\ScheduledJob\Hangfire.API\Hangfire.API.csproj", "{2C2BE9AD-00B5-4ED0-A87C-2911062E59F2}"
EndProject
Project("{2150E333-8FDC-42A3-9474-1A3956D46DE8}") = "WebAdmin", "WebAdmin", "{DE389E97-3DC2-4A0F-9BA8-3EF8524B0F2A}"
EndProject
Project("{FAE04EC0-301F-11D3-BF4B-00C04F79EFBC}") = "Product.Domain", "src\Services\Product\Product.Domain\Product.Domain.csproj", "{D14F3FD0-16CD-48E6-A8F9-D2D12E8A7FF5}"
EndProject
Project("{FAE04EC0-301F-11D3-BF4B-00C04F79EFBC}") = "Product.Infrastructure", "src\Services\Product\Product.Infrastructure\Product.Infrastructure.csproj", "{13033203-55F8-4DE6-A138-75CC37767BFD}"
EndProject
Project("{9A19103F-16F7-4668-BE54-9A1E7A4F7556}") = "Product.Application", "src\Services\Product\Product.Application\Product.Application.csproj", "{021D7B34-2C81-4CA2-83D9-82A4A27FA848}"
EndProject
Global
	GlobalSection(SolutionConfigurationPlatforms) = preSolution
		Debug|Any CPU = Debug|Any CPU
		Release|Any CPU = Release|Any CPU
	EndGlobalSection
	GlobalSection(ProjectConfigurationPlatforms) = postSolution
		{0CC115A1-33D0-4DFA-8015-69B8E392E4AB}.Debug|Any CPU.ActiveCfg = Debug|Any CPU
		{0CC115A1-33D0-4DFA-8015-69B8E392E4AB}.Debug|Any CPU.Build.0 = Debug|Any CPU
		{0CC115A1-33D0-4DFA-8015-69B8E392E4AB}.Release|Any CPU.ActiveCfg = Release|Any CPU
		{0CC115A1-33D0-4DFA-8015-69B8E392E4AB}.Release|Any CPU.Build.0 = Release|Any CPU
		{EE368AF0-08D2-480E-B67E-91D3AC928798}.Debug|Any CPU.ActiveCfg = Debug|Any CPU
		{EE368AF0-08D2-480E-B67E-91D3AC928798}.Debug|Any CPU.Build.0 = Debug|Any CPU
		{EE368AF0-08D2-480E-B67E-91D3AC928798}.Release|Any CPU.ActiveCfg = Release|Any CPU
		{EE368AF0-08D2-480E-B67E-91D3AC928798}.Release|Any CPU.Build.0 = Release|Any CPU
		{9217F789-BB0B-4662-9807-6C78A38D4EF9}.Debug|Any CPU.ActiveCfg = Debug|Any CPU
		{9217F789-BB0B-4662-9807-6C78A38D4EF9}.Debug|Any CPU.Build.0 = Debug|Any CPU
		{9217F789-BB0B-4662-9807-6C78A38D4EF9}.Release|Any CPU.ActiveCfg = Release|Any CPU
		{9217F789-BB0B-4662-9807-6C78A38D4EF9}.Release|Any CPU.Build.0 = Release|Any CPU
		{4974EBCF-725D-4837-8B77-83828E269C28}.Debug|Any CPU.ActiveCfg = Debug|Any CPU
		{4974EBCF-725D-4837-8B77-83828E269C28}.Debug|Any CPU.Build.0 = Debug|Any CPU
		{4974EBCF-725D-4837-8B77-83828E269C28}.Release|Any CPU.ActiveCfg = Release|Any CPU
		{4974EBCF-725D-4837-8B77-83828E269C28}.Release|Any CPU.Build.0 = Release|Any CPU
		{0AC3CD9A-6996-4FE1-B1BF-A59EC0A8DE11}.Debug|Any CPU.ActiveCfg = Debug|Any CPU
		{0AC3CD9A-6996-4FE1-B1BF-A59EC0A8DE11}.Debug|Any CPU.Build.0 = Debug|Any CPU
		{0AC3CD9A-6996-4FE1-B1BF-A59EC0A8DE11}.Release|Any CPU.ActiveCfg = Release|Any CPU
		{0AC3CD9A-6996-4FE1-B1BF-A59EC0A8DE11}.Release|Any CPU.Build.0 = Release|Any CPU
		{A72AC095-87C6-4F11-9A7E-08B72541201A}.Debug|Any CPU.ActiveCfg = Debug|Any CPU
		{A72AC095-87C6-4F11-9A7E-08B72541201A}.Debug|Any CPU.Build.0 = Debug|Any CPU
		{A72AC095-87C6-4F11-9A7E-08B72541201A}.Release|Any CPU.ActiveCfg = Release|Any CPU
		{A72AC095-87C6-4F11-9A7E-08B72541201A}.Release|Any CPU.Build.0 = Release|Any CPU
		{1ADBE72C-3698-4E75-8764-7D614A755E1D}.Debug|Any CPU.ActiveCfg = Debug|Any CPU
		{1ADBE72C-3698-4E75-8764-7D614A755E1D}.Debug|Any CPU.Build.0 = Debug|Any CPU
		{1ADBE72C-3698-4E75-8764-7D614A755E1D}.Release|Any CPU.ActiveCfg = Release|Any CPU
		{1ADBE72C-3698-4E75-8764-7D614A755E1D}.Release|Any CPU.Build.0 = Release|Any CPU
		{E1A2690A-A732-4796-8B03-9BBF1BD771F9}.Debug|Any CPU.ActiveCfg = Debug|Any CPU
		{E1A2690A-A732-4796-8B03-9BBF1BD771F9}.Debug|Any CPU.Build.0 = Debug|Any CPU
		{E1A2690A-A732-4796-8B03-9BBF1BD771F9}.Release|Any CPU.ActiveCfg = Release|Any CPU
		{E1A2690A-A732-4796-8B03-9BBF1BD771F9}.Release|Any CPU.Build.0 = Release|Any CPU
		{E025F58C-3BF9-462D-BDC3-32A99C7A7FB0}.Debug|Any CPU.ActiveCfg = Debug|Any CPU
		{E025F58C-3BF9-462D-BDC3-32A99C7A7FB0}.Debug|Any CPU.Build.0 = Debug|Any CPU
		{E025F58C-3BF9-462D-BDC3-32A99C7A7FB0}.Release|Any CPU.ActiveCfg = Release|Any CPU
		{E025F58C-3BF9-462D-BDC3-32A99C7A7FB0}.Release|Any CPU.Build.0 = Release|Any CPU
		{4D12F5E3-E8F8-4EA6-AD94-D3285649ACED}.Debug|Any CPU.ActiveCfg = Debug|Any CPU
		{4D12F5E3-E8F8-4EA6-AD94-D3285649ACED}.Debug|Any CPU.Build.0 = Debug|Any CPU
		{4D12F5E3-E8F8-4EA6-AD94-D3285649ACED}.Release|Any CPU.ActiveCfg = Release|Any CPU
		{4D12F5E3-E8F8-4EA6-AD94-D3285649ACED}.Release|Any CPU.Build.0 = Release|Any CPU
		{D5DF13B3-D035-426B-AB11-743B776C6204}.Debug|Any CPU.ActiveCfg = Debug|Any CPU
		{D5DF13B3-D035-426B-AB11-743B776C6204}.Debug|Any CPU.Build.0 = Debug|Any CPU
		{D5DF13B3-D035-426B-AB11-743B776C6204}.Release|Any CPU.ActiveCfg = Release|Any CPU
		{D5DF13B3-D035-426B-AB11-743B776C6204}.Release|Any CPU.Build.0 = Release|Any CPU
		{3D81CC50-5F36-4DAF-BBC7-574D201D85CA}.Debug|Any CPU.ActiveCfg = Debug|Any CPU
		{3D81CC50-5F36-4DAF-BBC7-574D201D85CA}.Debug|Any CPU.Build.0 = Debug|Any CPU
		{3D81CC50-5F36-4DAF-BBC7-574D201D85CA}.Release|Any CPU.ActiveCfg = Release|Any CPU
		{3D81CC50-5F36-4DAF-BBC7-574D201D85CA}.Release|Any CPU.Build.0 = Release|Any CPU
		{DC5C741A-4522-48B5-961C-417506A8BFB4}.Debug|Any CPU.ActiveCfg = Debug|Any CPU
		{DC5C741A-4522-48B5-961C-417506A8BFB4}.Debug|Any CPU.Build.0 = Debug|Any CPU
		{DC5C741A-4522-48B5-961C-417506A8BFB4}.Release|Any CPU.ActiveCfg = Release|Any CPU
		{DC5C741A-4522-48B5-961C-417506A8BFB4}.Release|Any CPU.Build.0 = Release|Any CPU
		{2C2BE9AD-00B5-4ED0-A87C-2911062E59F2}.Debug|Any CPU.ActiveCfg = Debug|Any CPU
		{2C2BE9AD-00B5-4ED0-A87C-2911062E59F2}.Debug|Any CPU.Build.0 = Debug|Any CPU
		{2C2BE9AD-00B5-4ED0-A87C-2911062E59F2}.Release|Any CPU.ActiveCfg = Release|Any CPU
		{2C2BE9AD-00B5-4ED0-A87C-2911062E59F2}.Release|Any CPU.Build.0 = Release|Any CPU
		{D14F3FD0-16CD-48E6-A8F9-D2D12E8A7FF5}.Debug|Any CPU.ActiveCfg = Debug|Any CPU
		{D14F3FD0-16CD-48E6-A8F9-D2D12E8A7FF5}.Debug|Any CPU.Build.0 = Debug|Any CPU
		{D14F3FD0-16CD-48E6-A8F9-D2D12E8A7FF5}.Release|Any CPU.ActiveCfg = Release|Any CPU
		{D14F3FD0-16CD-48E6-A8F9-D2D12E8A7FF5}.Release|Any CPU.Build.0 = Release|Any CPU
		{13033203-55F8-4DE6-A138-75CC37767BFD}.Debug|Any CPU.ActiveCfg = Debug|Any CPU
		{13033203-55F8-4DE6-A138-75CC37767BFD}.Debug|Any CPU.Build.0 = Debug|Any CPU
		{13033203-55F8-4DE6-A138-75CC37767BFD}.Release|Any CPU.ActiveCfg = Release|Any CPU
		{13033203-55F8-4DE6-A138-75CC37767BFD}.Release|Any CPU.Build.0 = Release|Any CPU
		{021D7B34-2C81-4CA2-83D9-82A4A27FA848}.Debug|Any CPU.ActiveCfg = Debug|Any CPU
		{021D7B34-2C81-4CA2-83D9-82A4A27FA848}.Debug|Any CPU.Build.0 = Debug|Any CPU
		{021D7B34-2C81-4CA2-83D9-82A4A27FA848}.Release|Any CPU.ActiveCfg = Release|Any CPU
		{021D7B34-2C81-4CA2-83D9-82A4A27FA848}.Release|Any CPU.Build.0 = Release|Any CPU
	EndGlobalSection
	GlobalSection(SolutionProperties) = preSolution
		HideSolutionNode = FALSE
	EndGlobalSection
	GlobalSection(NestedProjects) = preSolution
		{706D75D7-600B-4C99-8E99-BB332B594200} = {930F9B02-80D8-4A56-BA95-18E121C36743}
		{8664285A-BC20-4EC9-BA92-99B754A6DA0E} = {930F9B02-80D8-4A56-BA95-18E121C36743}
		{A48F214B-6806-4B01-807B-E245D4A2C55B} = {930F9B02-80D8-4A56-BA95-18E121C36743}
		{EC66AE3F-36E6-48EC-8878-354A8708907E} = {930F9B02-80D8-4A56-BA95-18E121C36743}
		{3AB4BB57-6D6F-417C-9413-39DD57A0C5D6} = {A48F214B-6806-4B01-807B-E245D4A2C55B}
		{A06EF904-5F24-4811-86FA-9BD7F768CF6E} = {A48F214B-6806-4B01-807B-E245D4A2C55B}
		{55F33A73-9F97-4D31-B65B-50D33852FAC8} = {A48F214B-6806-4B01-807B-E245D4A2C55B}
		{9D61BB8B-D749-4E73-9DCD-BDC58B566D35} = {A48F214B-6806-4B01-807B-E245D4A2C55B}
		{49A15867-C9DB-49CC-9092-E27B30E226A6} = {A48F214B-6806-4B01-807B-E245D4A2C55B}
		{140B6E48-917B-4FDA-8B60-25CED3907FC0} = {A48F214B-6806-4B01-807B-E245D4A2C55B}
		{0CC115A1-33D0-4DFA-8015-69B8E392E4AB} = {8664285A-BC20-4EC9-BA92-99B754A6DA0E}
		{EE368AF0-08D2-480E-B67E-91D3AC928798} = {8664285A-BC20-4EC9-BA92-99B754A6DA0E}
		{9217F789-BB0B-4662-9807-6C78A38D4EF9} = {8664285A-BC20-4EC9-BA92-99B754A6DA0E}
		{4974EBCF-725D-4837-8B77-83828E269C28} = {8664285A-BC20-4EC9-BA92-99B754A6DA0E}
		{0AC3CD9A-6996-4FE1-B1BF-A59EC0A8DE11} = {8664285A-BC20-4EC9-BA92-99B754A6DA0E}
		{A72AC095-87C6-4F11-9A7E-08B72541201A} = {EC66AE3F-36E6-48EC-8878-354A8708907E}
		{1ADBE72C-3698-4E75-8764-7D614A755E1D} = {EC66AE3F-36E6-48EC-8878-354A8708907E}
		{E1A2690A-A732-4796-8B03-9BBF1BD771F9} = {3AB4BB57-6D6F-417C-9413-39DD57A0C5D6}
		{E025F58C-3BF9-462D-BDC3-32A99C7A7FB0} = {A06EF904-5F24-4811-86FA-9BD7F768CF6E}
		{4D12F5E3-E8F8-4EA6-AD94-D3285649ACED} = {9D61BB8B-D749-4E73-9DCD-BDC58B566D35}
		{D5DF13B3-D035-426B-AB11-743B776C6204} = {49A15867-C9DB-49CC-9092-E27B30E226A6}
		{3D81CC50-5F36-4DAF-BBC7-574D201D85CA} = {55F33A73-9F97-4D31-B65B-50D33852FAC8}
		{DC5C741A-4522-48B5-961C-417506A8BFB4} = {706D75D7-600B-4C99-8E99-BB332B594200}
		{2C2BE9AD-00B5-4ED0-A87C-2911062E59F2} = {140B6E48-917B-4FDA-8B60-25CED3907FC0}
		{DE389E97-3DC2-4A0F-9BA8-3EF8524B0F2A} = {EC66AE3F-36E6-48EC-8878-354A8708907E}
		{D14F3FD0-16CD-48E6-A8F9-D2D12E8A7FF5} = {49A15867-C9DB-49CC-9092-E27B30E226A6}
		{13033203-55F8-4DE6-A138-75CC37767BFD} = {49A15867-C9DB-49CC-9092-E27B30E226A6}
		{021D7B34-2C81-4CA2-83D9-82A4A27FA848} = {49A15867-C9DB-49CC-9092-E27B30E226A6}
	EndGlobalSection
	GlobalSection(ExtensibilityGlobals) = postSolution
		SolutionGuid = {FF3A493A-1058-4211-82DB-27884E2546DB}
	EndGlobalSection
EndGlobal
